
Microsoft Visual Studio Solution File, Format Version 12.00
# Visual Studio Version 16
VisualStudioVersion = 16.0.31624.102
MinimumVisualStudioVersion = 10.0.40219.1
Project("{FAE04EC0-301F-11D3-BF4B-00C04F79EFBC}") = "IPT_project", "IPT_project\IPT_project.csproj", "{B32F0B1E-8837-46CD-9138-3DB272B69DEA}"
EndProject
Global
	GlobalSection(SolutionConfigurationPlatforms) = preSolution
		Debug|Any CPU = Debug|Any CPU
		Release|Any CPU = Release|Any CPU
	EndGlobalSection
	GlobalSection(ProjectConfigurationPlatforms) = postSolution
		{B32F0B1E-8837-46CD-9138-3DB272B69DEA}.Debug|Any CPU.ActiveCfg = Debug|Any CPU
		{B32F0B1E-8837-46CD-9138-3DB272B69DEA}.Debug|Any CPU.Build.0 = Debug|Any CPU
		{B32F0B1E-8837-46CD-9138-3DB272B69DEA}.Release|Any CPU.ActiveCfg = Release|Any CPU
		{B32F0B1E-8837-46CD-9138-3DB272B69DEA}.Release|Any CPU.Build.0 = Release|Any CPU
	EndGlobalSection
	GlobalSection(SolutionProperties) = preSolution
		HideSolutionNode = FALSE
	EndGlobalSection
	GlobalSection(ExtensibilityGlobals) = postSolution
		SolutionGuid = {48F7EB1C-3046-4951-A7D8-D8C05D10209A}
	EndGlobalSection
EndGlobal
